
Microsoft Visual Studio Solution File, Format Version 12.00
# Visual Studio Version 17
VisualStudioVersion = 17.2.32519.379
MinimumVisualStudioVersion = 10.0.40219.1
Project("{9A19103F-16F7-4668-BE54-9A1E7A4F7556}") = "PlanetZ", "PlanetZ\PlanetZ.csproj", "{F8CC2AB9-0A10-4E60-A173-E9905C244261}"
EndProject
Global
	GlobalSection(SolutionConfigurationPlatforms) = preSolution
		Debug|Any CPU = Debug|Any CPU
		Release|Any CPU = Release|Any CPU
	EndGlobalSection
	GlobalSection(ProjectConfigurationPlatforms) = postSolution
		{F8CC2AB9-0A10-4E60-A173-E9905C244261}.Debug|Any CPU.ActiveCfg = Debug|Any CPU
		{F8CC2AB9-0A10-4E60-A173-E9905C244261}.Debug|Any CPU.Build.0 = Debug|Any CPU
		{F8CC2AB9-0A10-4E60-A173-E9905C244261}.Release|Any CPU.ActiveCfg = Release|Any CPU
		{F8CC2AB9-0A10-4E60-A173-E9905C244261}.Release|Any CPU.Build.0 = Release|Any CPU
	EndGlobalSection
	GlobalSection(SolutionProperties) = preSolution
		HideSolutionNode = FALSE
	EndGlobalSection
	GlobalSection(ExtensibilityGlobals) = postSolution
		SolutionGuid = {B6EBF68A-C9FA-4B85-A2F6-E04D69F82CC8}
	EndGlobalSection
	GlobalSection(TeamFoundationVersionControl) = preSolution
		SccNumberOfProjects = 2
		SccEnterpriseProvider = {4CA58AB2-18FA-4F8D-95D4-32DDF27D184C}
		SccTeamFoundationServer = https://dev.azure.com/sercankarakuyu0468
		SccLocalPath0 = .
		SccProjectUniqueName1 = PlanetZ\\PlanetZ.csproj
		SccProjectName1 = PlanetZ
		SccLocalPath1 = PlanetZ
	EndGlobalSection
EndGlobal
